
Microsoft Visual Studio Solution File, Format Version 12.00
# Visual Studio Version 16
VisualStudioVersion = 16.0.30717.126
MinimumVisualStudioVersion = 15.0.26124.0
Project("{9A19103F-16F7-4668-BE54-9A1E7A4F7556}") = "CLI", "CLI\CLI.csproj", "{708A8E95-2B8C-42D7-9953-83BBF7A9D819}"
EndProject
Project("{2150E333-8FDC-42A3-9474-1A3956D46DE8}") = "Solution Items", "Solution Items", "{A089AAE9-B2BA-4BE7-9AF4-8E0D9EB3B2E8}"
	ProjectSection(SolutionItems) = preProject
		.editorconfig = .editorconfig
	EndProjectSection
EndProject
Global
	GlobalSection(SolutionConfigurationPlatforms) = preSolution
		Debug|Any CPU = Debug|Any CPU
		Debug|x64 = Debug|x64
		Debug|x86 = Debug|x86
		Release|Any CPU = Release|Any CPU
		Release|x64 = Release|x64
		Release|x86 = Release|x86
	EndGlobalSection
	GlobalSection(ProjectConfigurationPlatforms) = postSolution
		{708A8E95-2B8C-42D7-9953-83BBF7A9D819}.Debug|Any CPU.ActiveCfg = Debug|Any CPU
		{708A8E95-2B8C-42D7-9953-83BBF7A9D819}.Debug|Any CPU.Build.0 = Debug|Any CPU
		{708A8E95-2B8C-42D7-9953-83BBF7A9D819}.Debug|x64.ActiveCfg = Debug|Any CPU
		{708A8E95-2B8C-42D7-9953-83BBF7A9D819}.Debug|x64.Build.0 = Debug|Any CPU
		{708A8E95-2B8C-42D7-9953-83BBF7A9D819}.Debug|x86.ActiveCfg = Debug|Any CPU
		{708A8E95-2B8C-42D7-9953-83BBF7A9D819}.Debug|x86.Build.0 = Debug|Any CPU
		{708A8E95-2B8C-42D7-9953-83BBF7A9D819}.Release|Any CPU.ActiveCfg = Release|Any CPU
		{708A8E95-2B8C-42D7-9953-83BBF7A9D819}.Release|Any CPU.Build.0 = Release|Any CPU
		{708A8E95-2B8C-42D7-9953-83BBF7A9D819}.Release|x64.ActiveCfg = Release|Any CPU
		{708A8E95-2B8C-42D7-9953-83BBF7A9D819}.Release|x64.Build.0 = Release|Any CPU
		{708A8E95-2B8C-42D7-9953-83BBF7A9D819}.Release|x86.ActiveCfg = Release|Any CPU
		{708A8E95-2B8C-42D7-9953-83BBF7A9D819}.Release|x86.Build.0 = Release|Any CPU
	EndGlobalSection
	GlobalSection(SolutionProperties) = preSolution
		HideSolutionNode = FALSE
	EndGlobalSection
	GlobalSection(ExtensibilityGlobals) = postSolution
		SolutionGuid = {09872920-5D28-4F13-8492-E966E1991E25}
	EndGlobalSection
EndGlobal
